
Microsoft Visual Studio Solution File, Format Version 12.00
# Visual Studio Version 17
VisualStudioVersion = 17.14.36414.22
MinimumVisualStudioVersion = 10.0.40219.1
Project("{FAE04EC0-301F-11D3-BF4B-00C04F79EFBC}") = "POSPRA-WinFormsUI", "POSPRA-WinFormsUI\POSPRA-WinFormsUI.csproj", "{486CA72A-6FF7-49AB-BFBA-DF32C9BA6972}"
EndProject
Project("{FAE04EC0-301F-11D3-BF4B-00C04F79EFBC}") = "POSPRA.Domain", "POSPRA.Domain\POSPRA.Domain.csproj", "{B5103915-A06C-4403-BF1E-A366D388D789}"
EndProject
Project("{FAE04EC0-301F-11D3-BF4B-00C04F79EFBC}") = "POSPRA.Application", "POSPRA.Application\POSPRA.Application.csproj", "{B5E27EBD-3AF3-4CEF-8FC8-BCA7C86449A4}"
EndProject
Project("{FAE04EC0-301F-11D3-BF4B-00C04F79EFBC}") = "POSPRA.Infrastructure", "POSPRA.Infrastructure\POSPRA.Infrastructure.csproj", "{D9F25FA2-00A0-4598-95C4-6D758C976018}"
EndProject
Project("{FAE04EC0-301F-11D3-BF4B-00C04F79EFBC}") = "POSPRA.Repositories", "POSPRA.Repositories\POSPRA.Repositories.csproj", "{9C374AC8-6E86-4AE3-A60E-4A1321FDDD20}"
EndProject
Project("{FAE04EC0-301F-11D3-BF4B-00C04F79EFBC}") = "POSPRA.DTOs", "POSPRA.DTOs\POSPRA.DTOs.csproj", "{4CE3D57A-D323-4803-A960-BA71447933E8}"
EndProject
Project("{FAE04EC0-301F-11D3-BF4B-00C04F79EFBC}") = "POSPRA.API", "POSPRA.API\POSPRA.API.csproj", "{5C7F569B-A2F5-49A8-BD1A-0461EB61DC51}"
EndProject
Project("{FAE04EC0-301F-11D3-BF4B-00C04F79EFBC}") = "POSPRA.Worker", "POSPRA.Worker\POSPRA.Worker.csproj", "{AFD5BB00-9CFB-4047-A06C-2E1D60A6C095}"
EndProject
Project("{54435603-DBB4-11D2-8724-00A0C9A8B90C}") = "PRA_POS_Setup", "PRA_POS_Setup\PRA_POS_Setup.vdproj", "{39A6D646-33D9-40EC-D0C6-0A88885B6D70}"
EndProject
Project("{FAE04EC0-301F-11D3-BF4B-00C04F79EFBC}") = "BATTO_EXE", "BATTO_EXE\BATTO_EXE.csproj", "{328D890E-D70C-4A0A-8F24-25D4261DE535}"
EndProject
Project("{FAE04EC0-301F-11D3-BF4B-00C04F79EFBC}") = "POSPRA.SetupUI", "POSPRA.SetupUI\POSPRA.SetupUI.csproj", "{A697A36F-8D59-1F2D-4DB9-B4138975A04E}"
EndProject
Project("{FAE04EC0-301F-11D3-BF4B-00C04F79EFBC}") = "POSPRA.SecurityEncryption", "POSPRA.SecurityEncryption\POSPRA.SecurityEncryption.csproj", "{975C412E-8A59-75DD-5F68-4B9F1E17A866}"
EndProject
Project("{FAE04EC0-301F-11D3-BF4B-00C04F79EFBC}") = "EncryptTool", "EncryptTool\EncryptTool.csproj", "{22F42900-39D4-4C77-BF14-297215F9286B}"
EndProject
Global
	GlobalSection(SolutionConfigurationPlatforms) = preSolution
		Debug|Any CPU = Debug|Any CPU
		Release|Any CPU = Release|Any CPU
	EndGlobalSection
	GlobalSection(ProjectConfigurationPlatforms) = postSolution
		{486CA72A-6FF7-49AB-BFBA-DF32C9BA6972}.Debug|Any CPU.ActiveCfg = Debug|Any CPU
		{486CA72A-6FF7-49AB-BFBA-DF32C9BA6972}.Debug|Any CPU.Build.0 = Debug|Any CPU
		{486CA72A-6FF7-49AB-BFBA-DF32C9BA6972}.Release|Any CPU.ActiveCfg = Release|Any CPU
		{486CA72A-6FF7-49AB-BFBA-DF32C9BA6972}.Release|Any CPU.Build.0 = Release|Any CPU
		{B5103915-A06C-4403-BF1E-A366D388D789}.Debug|Any CPU.ActiveCfg = Debug|Any CPU
		{B5103915-A06C-4403-BF1E-A366D388D789}.Debug|Any CPU.Build.0 = Debug|Any CPU
		{B5103915-A06C-4403-BF1E-A366D388D789}.Release|Any CPU.ActiveCfg = Release|Any CPU
		{B5103915-A06C-4403-BF1E-A366D388D789}.Release|Any CPU.Build.0 = Release|Any CPU
		{B5E27EBD-3AF3-4CEF-8FC8-BCA7C86449A4}.Debug|Any CPU.ActiveCfg = Debug|Any CPU
		{B5E27EBD-3AF3-4CEF-8FC8-BCA7C86449A4}.Debug|Any CPU.Build.0 = Debug|Any CPU
		{B5E27EBD-3AF3-4CEF-8FC8-BCA7C86449A4}.Release|Any CPU.ActiveCfg = Release|Any CPU
		{B5E27EBD-3AF3-4CEF-8FC8-BCA7C86449A4}.Release|Any CPU.Build.0 = Release|Any CPU
		{D9F25FA2-00A0-4598-95C4-6D758C976018}.Debug|Any CPU.ActiveCfg = Debug|Any CPU
		{D9F25FA2-00A0-4598-95C4-6D758C976018}.Debug|Any CPU.Build.0 = Debug|Any CPU
		{D9F25FA2-00A0-4598-95C4-6D758C976018}.Release|Any CPU.ActiveCfg = Release|Any CPU
		{D9F25FA2-00A0-4598-95C4-6D758C976018}.Release|Any CPU.Build.0 = Release|Any CPU
		{9C374AC8-6E86-4AE3-A60E-4A1321FDDD20}.Debug|Any CPU.ActiveCfg = Debug|Any CPU
		{9C374AC8-6E86-4AE3-A60E-4A1321FDDD20}.Debug|Any CPU.Build.0 = Debug|Any CPU
		{9C374AC8-6E86-4AE3-A60E-4A1321FDDD20}.Release|Any CPU.ActiveCfg = Release|Any CPU
		{9C374AC8-6E86-4AE3-A60E-4A1321FDDD20}.Release|Any CPU.Build.0 = Release|Any CPU
		{4CE3D57A-D323-4803-A960-BA71447933E8}.Debug|Any CPU.ActiveCfg = Debug|Any CPU
		{4CE3D57A-D323-4803-A960-BA71447933E8}.Debug|Any CPU.Build.0 = Debug|Any CPU
		{4CE3D57A-D323-4803-A960-BA71447933E8}.Release|Any CPU.ActiveCfg = Release|Any CPU
		{4CE3D57A-D323-4803-A960-BA71447933E8}.Release|Any CPU.Build.0 = Release|Any CPU
		{5C7F569B-A2F5-49A8-BD1A-0461EB61DC51}.Debug|Any CPU.ActiveCfg = Debug|Any CPU
		{5C7F569B-A2F5-49A8-BD1A-0461EB61DC51}.Debug|Any CPU.Build.0 = Debug|Any CPU
		{5C7F569B-A2F5-49A8-BD1A-0461EB61DC51}.Release|Any CPU.ActiveCfg = Release|Any CPU
		{5C7F569B-A2F5-49A8-BD1A-0461EB61DC51}.Release|Any CPU.Build.0 = Release|Any CPU
		{AFD5BB00-9CFB-4047-A06C-2E1D60A6C095}.Debug|Any CPU.ActiveCfg = Debug|Any CPU
		{AFD5BB00-9CFB-4047-A06C-2E1D60A6C095}.Debug|Any CPU.Build.0 = Debug|Any CPU
		{AFD5BB00-9CFB-4047-A06C-2E1D60A6C095}.Release|Any CPU.ActiveCfg = Release|Any CPU
		{AFD5BB00-9CFB-4047-A06C-2E1D60A6C095}.Release|Any CPU.Build.0 = Release|Any CPU
		{39A6D646-33D9-40EC-D0C6-0A88885B6D70}.Debug|Any CPU.ActiveCfg = Debug
		{39A6D646-33D9-40EC-D0C6-0A88885B6D70}.Release|Any CPU.ActiveCfg = Release
		{328D890E-D70C-4A0A-8F24-25D4261DE535}.Debug|Any CPU.ActiveCfg = Debug|Any CPU
		{328D890E-D70C-4A0A-8F24-25D4261DE535}.Debug|Any CPU.Build.0 = Debug|Any CPU
		{328D890E-D70C-4A0A-8F24-25D4261DE535}.Release|Any CPU.ActiveCfg = Release|Any CPU
		{328D890E-D70C-4A0A-8F24-25D4261DE535}.Release|Any CPU.Build.0 = Release|Any CPU
		{A697A36F-8D59-1F2D-4DB9-B4138975A04E}.Debug|Any CPU.ActiveCfg = Debug|Any CPU
		{A697A36F-8D59-1F2D-4DB9-B4138975A04E}.Debug|Any CPU.Build.0 = Debug|Any CPU
		{A697A36F-8D59-1F2D-4DB9-B4138975A04E}.Release|Any CPU.ActiveCfg = Release|Any CPU
		{A697A36F-8D59-1F2D-4DB9-B4138975A04E}.Release|Any CPU.Build.0 = Release|Any CPU
		{975C412E-8A59-75DD-5F68-4B9F1E17A866}.Debug|Any CPU.ActiveCfg = Debug|Any CPU
		{975C412E-8A59-75DD-5F68-4B9F1E17A866}.Debug|Any CPU.Build.0 = Debug|Any CPU
		{975C412E-8A59-75DD-5F68-4B9F1E17A866}.Release|Any CPU.ActiveCfg = Release|Any CPU
		{975C412E-8A59-75DD-5F68-4B9F1E17A866}.Release|Any CPU.Build.0 = Release|Any CPU
		{22F42900-39D4-4C77-BF14-297215F9286B}.Debug|Any CPU.ActiveCfg = Debug|Any CPU
		{22F42900-39D4-4C77-BF14-297215F9286B}.Debug|Any CPU.Build.0 = Debug|Any CPU
		{22F42900-39D4-4C77-BF14-297215F9286B}.Release|Any CPU.ActiveCfg = Release|Any CPU
		{22F42900-39D4-4C77-BF14-297215F9286B}.Release|Any CPU.Build.0 = Release|Any CPU
	EndGlobalSection
	GlobalSection(SolutionProperties) = preSolution
		HideSolutionNode = FALSE
	EndGlobalSection
	GlobalSection(ExtensibilityGlobals) = postSolution
		SolutionGuid = {DFDEBA51-DE77-46BE-9C4E-27152D9B6275}
	EndGlobalSection
EndGlobal
