
Microsoft Visual Studio Solution File, Format Version 12.00
# Visual Studio Version 18
VisualStudioVersion = 18.3.11222.16 d18.3
MinimumVisualStudioVersion = 10.0.40219.1
Project("{FAE04EC0-301F-11D3-BF4B-00C04F79EFBC}") = "POSPRA-WinFormsUI", "POSPRA-WinFormsUI\POSPRA-WinFormsUI.csproj", "{486CA72A-6FF7-49AB-BFBA-DF32C9BA6972}"
EndProject
Project("{FAE04EC0-301F-11D3-BF4B-00C04F79EFBC}") = "POSPRA.Worker", "POSPRA.Worker\POSPRA.Worker.csproj", "{AFD5BB00-9CFB-4047-A06C-2E1D60A6C095}"
EndProject
Project("{FAE04EC0-301F-11D3-BF4B-00C04F79EFBC}") = "BATTO_EXE", "BATTO_EXE\BATTO_EXE.csproj", "{328D890E-D70C-4A0A-8F24-25D4261DE535}"
EndProject
Project("{FAE04EC0-301F-11D3-BF4B-00C04F79EFBC}") = "POSPRA.SetupUI", "POSPRA.SetupUI\POSPRA.SetupUI.csproj", "{A697A36F-8D59-1F2D-4DB9-B4138975A04E}"
EndProject
Project("{FAE04EC0-301F-11D3-BF4B-00C04F79EFBC}") = "POSPRA.SecurityEncryption", "POSPRA.SecurityEncryption\POSPRA.SecurityEncryption.csproj", "{975C412E-8A59-75DD-5F68-4B9F1E17A866}"
EndProject
Project("{FAE04EC0-301F-11D3-BF4B-00C04F79EFBC}") = "EncryptTool", "EncryptTool\EncryptTool.csproj", "{22F42900-39D4-4C77-BF14-297215F9286B}"
EndProject
Project("{54435603-DBB4-11D2-8724-00A0C9A8B90C}") = "POS-PRA-Setup", "POS-PRA-Setup\POS-PRA-Setup.vdproj", "{71F64D4E-2DA9-0B17-4B26-0D1A68901370}"
EndProject
Project("{FAE04EC0-301F-11D3-BF4B-00C04F79EFBC}") = "POSPRA.Updater", "POSPRA.Updater\POSPRA.Updater.csproj", "{A2C9AFFF-58ED-4BC5-ADAC-29CD8DFA40D1}"
EndProject
Project("{FAE04EC0-301F-11D3-BF4B-00C04F79EFBC}") = "Pos.Local.Api", "Pos.Api\Pos.Local.Api.csproj", "{EA5EEAD2-1443-B486-E0B3-86B3B68CB41C}"
EndProject
Project("{FAE04EC0-301F-11D3-BF4B-00C04F79EFBC}") = "Pos.Infrastructure", "Pos.Infrastructure\Pos.Infrastructure.csproj", "{6C7BF759-0005-4B57-6FCB-614A9ECE315E}"
EndProject
Project("{FAE04EC0-301F-11D3-BF4B-00C04F79EFBC}") = "Pos.Application", "Pos.Application\Pos.Application.csproj", "{1FCD3B0C-DD11-9315-384F-AD6ADB48D62F}"
EndProject
Project("{FAE04EC0-301F-11D3-BF4B-00C04F79EFBC}") = "Pos.Domain", "Pos.Domain\Pos.Domain.csproj", "{813387A4-85DD-BD51-855B-94C0F5ECFDB2}"
EndProject
Project("{FAE04EC0-301F-11D3-BF4B-00C04F79EFBC}") = "POSPRA.Launcher", "POSPRA.Launcher\POSPRA.Launcher.csproj", "{654DE8A0-6EB8-CE9F-A8A1-B5F149A78DFC}"
EndProject
Project("{FAE04EC0-301F-11D3-BF4B-00C04F79EFBC}") = "Pos.Cloud.Api", "Pos.Cloud.Api\Pos.Cloud.Api.csproj", "{01239DBF-CFCE-4CCC-AF98-102615BDFF85}"
EndProject
Global
	GlobalSection(SolutionConfigurationPlatforms) = preSolution
		Debug|Any CPU = Debug|Any CPU
		Release|Any CPU = Release|Any CPU
	EndGlobalSection
	GlobalSection(ProjectConfigurationPlatforms) = postSolution
		{486CA72A-6FF7-49AB-BFBA-DF32C9BA6972}.Debug|Any CPU.ActiveCfg = Debug|Any CPU
		{486CA72A-6FF7-49AB-BFBA-DF32C9BA6972}.Debug|Any CPU.Build.0 = Debug|Any CPU
		{486CA72A-6FF7-49AB-BFBA-DF32C9BA6972}.Release|Any CPU.ActiveCfg = Release|Any CPU
		{486CA72A-6FF7-49AB-BFBA-DF32C9BA6972}.Release|Any CPU.Build.0 = Release|Any CPU
		{AFD5BB00-9CFB-4047-A06C-2E1D60A6C095}.Debug|Any CPU.ActiveCfg = Debug|Any CPU
		{AFD5BB00-9CFB-4047-A06C-2E1D60A6C095}.Debug|Any CPU.Build.0 = Debug|Any CPU
		{AFD5BB00-9CFB-4047-A06C-2E1D60A6C095}.Release|Any CPU.ActiveCfg = Release|Any CPU
		{AFD5BB00-9CFB-4047-A06C-2E1D60A6C095}.Release|Any CPU.Build.0 = Release|Any CPU
		{328D890E-D70C-4A0A-8F24-25D4261DE535}.Debug|Any CPU.ActiveCfg = Debug|Any CPU
		{328D890E-D70C-4A0A-8F24-25D4261DE535}.Debug|Any CPU.Build.0 = Debug|Any CPU
		{328D890E-D70C-4A0A-8F24-25D4261DE535}.Release|Any CPU.ActiveCfg = Release|Any CPU
		{328D890E-D70C-4A0A-8F24-25D4261DE535}.Release|Any CPU.Build.0 = Release|Any CPU
		{A697A36F-8D59-1F2D-4DB9-B4138975A04E}.Debug|Any CPU.ActiveCfg = Debug|Any CPU
		{A697A36F-8D59-1F2D-4DB9-B4138975A04E}.Debug|Any CPU.Build.0 = Debug|Any CPU
		{A697A36F-8D59-1F2D-4DB9-B4138975A04E}.Release|Any CPU.ActiveCfg = Release|Any CPU
		{A697A36F-8D59-1F2D-4DB9-B4138975A04E}.Release|Any CPU.Build.0 = Release|Any CPU
		{975C412E-8A59-75DD-5F68-4B9F1E17A866}.Debug|Any CPU.ActiveCfg = Debug|Any CPU
		{975C412E-8A59-75DD-5F68-4B9F1E17A866}.Debug|Any CPU.Build.0 = Debug|Any CPU
		{975C412E-8A59-75DD-5F68-4B9F1E17A866}.Release|Any CPU.ActiveCfg = Release|Any CPU
		{975C412E-8A59-75DD-5F68-4B9F1E17A866}.Release|Any CPU.Build.0 = Release|Any CPU
		{22F42900-39D4-4C77-BF14-297215F9286B}.Debug|Any CPU.ActiveCfg = Debug|Any CPU
		{22F42900-39D4-4C77-BF14-297215F9286B}.Debug|Any CPU.Build.0 = Debug|Any CPU
		{22F42900-39D4-4C77-BF14-297215F9286B}.Release|Any CPU.ActiveCfg = Release|Any CPU
		{22F42900-39D4-4C77-BF14-297215F9286B}.Release|Any CPU.Build.0 = Release|Any CPU
		{71F64D4E-2DA9-0B17-4B26-0D1A68901370}.Debug|Any CPU.ActiveCfg = Debug
		{71F64D4E-2DA9-0B17-4B26-0D1A68901370}.Release|Any CPU.ActiveCfg = Release
		{A2C9AFFF-58ED-4BC5-ADAC-29CD8DFA40D1}.Debug|Any CPU.ActiveCfg = Debug|Any CPU
		{A2C9AFFF-58ED-4BC5-ADAC-29CD8DFA40D1}.Debug|Any CPU.Build.0 = Debug|Any CPU
		{A2C9AFFF-58ED-4BC5-ADAC-29CD8DFA40D1}.Release|Any CPU.ActiveCfg = Release|Any CPU
		{A2C9AFFF-58ED-4BC5-ADAC-29CD8DFA40D1}.Release|Any CPU.Build.0 = Release|Any CPU
		{EA5EEAD2-1443-B486-E0B3-86B3B68CB41C}.Debug|Any CPU.ActiveCfg = Debug|Any CPU
		{EA5EEAD2-1443-B486-E0B3-86B3B68CB41C}.Debug|Any CPU.Build.0 = Debug|Any CPU
		{EA5EEAD2-1443-B486-E0B3-86B3B68CB41C}.Release|Any CPU.ActiveCfg = Release|Any CPU
		{EA5EEAD2-1443-B486-E0B3-86B3B68CB41C}.Release|Any CPU.Build.0 = Release|Any CPU
		{6C7BF759-0005-4B57-6FCB-614A9ECE315E}.Debug|Any CPU.ActiveCfg = Debug|Any CPU
		{6C7BF759-0005-4B57-6FCB-614A9ECE315E}.Debug|Any CPU.Build.0 = Debug|Any CPU
		{6C7BF759-0005-4B57-6FCB-614A9ECE315E}.Release|Any CPU.ActiveCfg = Release|Any CPU
		{6C7BF759-0005-4B57-6FCB-614A9ECE315E}.Release|Any CPU.Build.0 = Release|Any CPU
		{1FCD3B0C-DD11-9315-384F-AD6ADB48D62F}.Debug|Any CPU.ActiveCfg = Debug|Any CPU
		{1FCD3B0C-DD11-9315-384F-AD6ADB48D62F}.Debug|Any CPU.Build.0 = Debug|Any CPU
		{1FCD3B0C-DD11-9315-384F-AD6ADB48D62F}.Release|Any CPU.ActiveCfg = Release|Any CPU
		{1FCD3B0C-DD11-9315-384F-AD6ADB48D62F}.Release|Any CPU.Build.0 = Release|Any CPU
		{813387A4-85DD-BD51-855B-94C0F5ECFDB2}.Debug|Any CPU.ActiveCfg = Debug|Any CPU
		{813387A4-85DD-BD51-855B-94C0F5ECFDB2}.Debug|Any CPU.Build.0 = Debug|Any CPU
		{813387A4-85DD-BD51-855B-94C0F5ECFDB2}.Release|Any CPU.ActiveCfg = Release|Any CPU
		{813387A4-85DD-BD51-855B-94C0F5ECFDB2}.Release|Any CPU.Build.0 = Release|Any CPU
		{654DE8A0-6EB8-CE9F-A8A1-B5F149A78DFC}.Debug|Any CPU.ActiveCfg = Debug|Any CPU
		{654DE8A0-6EB8-CE9F-A8A1-B5F149A78DFC}.Debug|Any CPU.Build.0 = Debug|Any CPU
		{654DE8A0-6EB8-CE9F-A8A1-B5F149A78DFC}.Release|Any CPU.ActiveCfg = Release|Any CPU
		{654DE8A0-6EB8-CE9F-A8A1-B5F149A78DFC}.Release|Any CPU.Build.0 = Release|Any CPU
		{01239DBF-CFCE-4CCC-AF98-102615BDFF85}.Debug|Any CPU.ActiveCfg = Debug|Any CPU
		{01239DBF-CFCE-4CCC-AF98-102615BDFF85}.Debug|Any CPU.Build.0 = Debug|Any CPU
		{01239DBF-CFCE-4CCC-AF98-102615BDFF85}.Release|Any CPU.ActiveCfg = Release|Any CPU
		{01239DBF-CFCE-4CCC-AF98-102615BDFF85}.Release|Any CPU.Build.0 = Release|Any CPU
	EndGlobalSection
	GlobalSection(SolutionProperties) = preSolution
		HideSolutionNode = FALSE
	EndGlobalSection
	GlobalSection(ExtensibilityGlobals) = postSolution
		SolutionGuid = {DFDEBA51-DE77-46BE-9C4E-27152D9B6275}
	EndGlobalSection
EndGlobal
